
Microsoft Visual Studio Solution File, Format Version 12.00
# Visual Studio Version 18
VisualStudioVersion = 18.2.11415.280 d18.0
MinimumVisualStudioVersion = 10.0.40219.1
Project("{9A19103F-16F7-4668-BE54-9A1E7A4F7556}") = "FN.WebApi", "FN.WebApi\FN.WebApi.csproj", "{9532E378-61CD-4959-A7D8-A532484C359E}"
EndProject
Project("{9A19103F-16F7-4668-BE54-9A1E7A4F7556}") = "FN.Web", "FN.Web\FN.Web.csproj", "{3805371A-2A39-40DD-931D-3D244810B14D}"
EndProject
Project("{9A19103F-16F7-4668-BE54-9A1E7A4F7556}") = "FN.WinForm", "FN.WinForm\FN.WinForm.csproj", "{C558903B-65F0-440D-B013-91130BA3CAC3}"
EndProject
Project("{9A19103F-16F7-4668-BE54-9A1E7A4F7556}") = "FN.Functions", "FN.Functions\FN.Functions.csproj", "{41067D53-9D68-433F-B85C-26AE629326A4}"
EndProject
Project("{9A19103F-16F7-4668-BE54-9A1E7A4F7556}") = "FN.Entities", "FN.Entities\FN.Entities.csproj", "{D7774F0A-DD20-4472-8BD7-F463AA96F9B4}"
EndProject
Project("{FAE04EC0-301F-11D3-BF4B-00C04F79EFBC}") = "FN.Application", "FN.Application\FN.Application.csproj", "{CC00458D-B182-4B3F-8A5A-C6AD19F1D58B}"
EndProject
Project("{FAE04EC0-301F-11D3-BF4B-00C04F79EFBC}") = "FN.Common", "FN.Common\FN.Common.csproj", "{04E63DF5-53E9-4835-9601-D26B2AC0A129}"
EndProject
Project("{FAE04EC0-301F-11D3-BF4B-00C04F79EFBC}") = "FN.Business", "FN.Business\FN.Business.csproj", "{CAA3BEA0-DA31-494A-8B36-D169027D48AB}"
EndProject
Project("{FAE04EC0-301F-11D3-BF4B-00C04F79EFBC}") = "FN.DataLayer", "FN.DataLayer\FN.DataLayer.csproj", "{1FD50652-720F-49E7-BA97-CAC577D8B77C}"
EndProject
Global
	GlobalSection(SolutionConfigurationPlatforms) = preSolution
		Debug|Any CPU = Debug|Any CPU
		Release|Any CPU = Release|Any CPU
	EndGlobalSection
	GlobalSection(ProjectConfigurationPlatforms) = postSolution
		{9532E378-61CD-4959-A7D8-A532484C359E}.Debug|Any CPU.ActiveCfg = Debug|Any CPU
		{9532E378-61CD-4959-A7D8-A532484C359E}.Debug|Any CPU.Build.0 = Debug|Any CPU
		{9532E378-61CD-4959-A7D8-A532484C359E}.Release|Any CPU.ActiveCfg = Release|Any CPU
		{9532E378-61CD-4959-A7D8-A532484C359E}.Release|Any CPU.Build.0 = Release|Any CPU
		{3805371A-2A39-40DD-931D-3D244810B14D}.Debug|Any CPU.ActiveCfg = Debug|Any CPU
		{3805371A-2A39-40DD-931D-3D244810B14D}.Debug|Any CPU.Build.0 = Debug|Any CPU
		{3805371A-2A39-40DD-931D-3D244810B14D}.Release|Any CPU.ActiveCfg = Release|Any CPU
		{3805371A-2A39-40DD-931D-3D244810B14D}.Release|Any CPU.Build.0 = Release|Any CPU
		{C558903B-65F0-440D-B013-91130BA3CAC3}.Debug|Any CPU.ActiveCfg = Debug|Any CPU
		{C558903B-65F0-440D-B013-91130BA3CAC3}.Debug|Any CPU.Build.0 = Debug|Any CPU
		{C558903B-65F0-440D-B013-91130BA3CAC3}.Release|Any CPU.ActiveCfg = Release|Any CPU
		{C558903B-65F0-440D-B013-91130BA3CAC3}.Release|Any CPU.Build.0 = Release|Any CPU
		{41067D53-9D68-433F-B85C-26AE629326A4}.Debug|Any CPU.ActiveCfg = Debug|Any CPU
		{41067D53-9D68-433F-B85C-26AE629326A4}.Debug|Any CPU.Build.0 = Debug|Any CPU
		{41067D53-9D68-433F-B85C-26AE629326A4}.Release|Any CPU.ActiveCfg = Release|Any CPU
		{41067D53-9D68-433F-B85C-26AE629326A4}.Release|Any CPU.Build.0 = Release|Any CPU
		{D7774F0A-DD20-4472-8BD7-F463AA96F9B4}.Debug|Any CPU.ActiveCfg = Debug|Any CPU
		{D7774F0A-DD20-4472-8BD7-F463AA96F9B4}.Debug|Any CPU.Build.0 = Debug|Any CPU
		{D7774F0A-DD20-4472-8BD7-F463AA96F9B4}.Release|Any CPU.ActiveCfg = Release|Any CPU
		{D7774F0A-DD20-4472-8BD7-F463AA96F9B4}.Release|Any CPU.Build.0 = Release|Any CPU
		{CC00458D-B182-4B3F-8A5A-C6AD19F1D58B}.Debug|Any CPU.ActiveCfg = Debug|Any CPU
		{CC00458D-B182-4B3F-8A5A-C6AD19F1D58B}.Debug|Any CPU.Build.0 = Debug|Any CPU
		{CC00458D-B182-4B3F-8A5A-C6AD19F1D58B}.Release|Any CPU.ActiveCfg = Release|Any CPU
		{CC00458D-B182-4B3F-8A5A-C6AD19F1D58B}.Release|Any CPU.Build.0 = Release|Any CPU
		{04E63DF5-53E9-4835-9601-D26B2AC0A129}.Debug|Any CPU.ActiveCfg = Debug|Any CPU
		{04E63DF5-53E9-4835-9601-D26B2AC0A129}.Debug|Any CPU.Build.0 = Debug|Any CPU
		{04E63DF5-53E9-4835-9601-D26B2AC0A129}.Release|Any CPU.ActiveCfg = Release|Any CPU
		{04E63DF5-53E9-4835-9601-D26B2AC0A129}.Release|Any CPU.Build.0 = Release|Any CPU
		{CAA3BEA0-DA31-494A-8B36-D169027D48AB}.Debug|Any CPU.ActiveCfg = Debug|Any CPU
		{CAA3BEA0-DA31-494A-8B36-D169027D48AB}.Debug|Any CPU.Build.0 = Debug|Any CPU
		{CAA3BEA0-DA31-494A-8B36-D169027D48AB}.Release|Any CPU.ActiveCfg = Release|Any CPU
		{CAA3BEA0-DA31-494A-8B36-D169027D48AB}.Release|Any CPU.Build.0 = Release|Any CPU
		{1FD50652-720F-49E7-BA97-CAC577D8B77C}.Debug|Any CPU.ActiveCfg = Debug|Any CPU
		{1FD50652-720F-49E7-BA97-CAC577D8B77C}.Debug|Any CPU.Build.0 = Debug|Any CPU
		{1FD50652-720F-49E7-BA97-CAC577D8B77C}.Release|Any CPU.ActiveCfg = Release|Any CPU
		{1FD50652-720F-49E7-BA97-CAC577D8B77C}.Release|Any CPU.Build.0 = Release|Any CPU
	EndGlobalSection
	GlobalSection(SolutionProperties) = preSolution
		HideSolutionNode = FALSE
	EndGlobalSection
	GlobalSection(ExtensibilityGlobals) = postSolution
		SolutionGuid = {21D8C61F-4A4F-4E03-9FF6-3B3D8F0133F7}
	EndGlobalSection
EndGlobal
